<?xml version="1.0" encoding="utf-8"?>
<Project ToolsVersion="4.0" xmlns="http://schemas.microsoft.com/developer/msbuild/2003">
  <ItemGroup>
    <Filter Include="源文件">
      <UniqueIdentifier>{4FC737F1-C7A5-4376-A066-2A32D752A2FF}</UniqueIdentifier>
      <Extensions>cpp;c;cc;cxx;def;odl;idl;hpj;bat;asm;asmx</Extensions>
    </Filter>
    <Filter Include="头文件">
      <UniqueIdentifier>{93995380-89BD-4b04-88EB-625FBE52EBFB}</UniqueIdentifier>
      <Extensions>h;hh;hpp;hxx;hm;inl;inc;ipp;xsd</Extensions>
    </Filter>
    <Filter Include="资源文件">
      <UniqueIdentifier>{67DA6AB6-F800-4c08-8B7A-83BB121AAD01}</UniqueIdentifier>
      <Extensions>rc;ico;cur;bmp;dlg;rc2;rct;bin;rgs;gif;jpg;jpeg;jpe;resx;tiff;tif;png;wav;mfcribbon-ms</Extensions>
    </Filter>
  </ItemGroup>
  <ItemGroup>
    <ClCompile Include="剑指offer04二维数组中的查找.cpp">
      <Filter>源文件</Filter>
    </ClCompile>
    <ClCompile Include="剑指offer05替换空格.cpp">
      <Filter>源文件</Filter>
    </ClCompile>
    <ClCompile Include="剑指offer06从尾到头打印链表.cpp">
      <Filter>源文件</Filter>
    </ClCompile>
    <ClCompile Include="剑指offer07重建二叉树.cpp">
      <Filter>源文件</Filter>
    </ClCompile>
    <ClCompile Include="剑指offer09用两个栈实现队列.cpp">
      <Filter>源文件</Filter>
    </ClCompile>
    <ClCompile Include="剑指offer10-1斐波那契额数列.cpp">
      <Filter>源文件</Filter>
    </ClCompile>
    <ClCompile Include="剑指offer11旋转数组.cpp">
      <Filter>源文件</Filter>
    </ClCompile>
    <ClCompile Include="剑指offer12矩阵的路径.cpp">
      <Filter>源文件</Filter>
    </ClCompile>
    <ClCompile Include="剑指offer13机器人的运动范围.cpp">
      <Filter>源文件</Filter>
    </ClCompile>
    <ClCompile Include="剑指offer14-1剪绳子.cpp">
      <Filter>源文件</Filter>
    </ClCompile>
    <ClCompile Include="剑指offer15二进制中1的个数.cpp">
      <Filter>源文件</Filter>
    </ClCompile>
    <ClCompile Include="剑指offer16数值的整数次方.cpp">
      <Filter>源文件</Filter>
    </ClCompile>
    <ClCompile Include="剑指offer17打印从1到最大的n位数.cpp">
      <Filter>源文件</Filter>
    </ClCompile>
    <ClCompile Include="剑指offer20表示数值的字符串.cpp">
      <Filter>源文件</Filter>
    </ClCompile>
    <ClCompile Include="剑指offer21调整数组顺序是奇数在前.cpp">
      <Filter>源文件</Filter>
    </ClCompile>
    <ClCompile Include="剑指offer22链表中倒数第k个节点.cpp">
      <Filter>源文件</Filter>
    </ClCompile>
    <ClCompile Include="剑指offer24反转链表.cpp">
      <Filter>源文件</Filter>
    </ClCompile>
    <ClCompile Include="剑指offer25合并两个有序链表.cpp">
      <Filter>源文件</Filter>
    </ClCompile>
    <ClCompile Include="剑指offer26树的子结构.cpp">
      <Filter>源文件</Filter>
    </ClCompile>
    <ClCompile Include="剑指offer27二叉树的镜像.cpp">
      <Filter>源文件</Filter>
    </ClCompile>
    <ClCompile Include="剑指offer28对称的二叉树.cpp">
      <Filter>源文件</Filter>
    </ClCompile>
    <ClCompile Include="剑指offer29螺旋打印矩阵.cpp">
      <Filter>源文件</Filter>
    </ClCompile>
    <ClCompile Include="剑指offer30包含min函数的栈.cpp">
      <Filter>源文件</Filter>
    </ClCompile>
    <ClCompile Include="剑指offer31栈的压入弹出序列.cpp">
      <Filter>源文件</Filter>
    </ClCompile>
    <ClCompile Include="剑指offer32从上到下打印二叉树.cpp">
      <Filter>源文件</Filter>
    </ClCompile>
  </ItemGroup>
</Project>